
Microsoft Visual Studio Solution File, Format Version 12.00
# Visual Studio 2013
VisualStudioVersion = 12.0.21005.1
MinimumVisualStudioVersion = 10.0.40219.1
Project("{E24C65DC-7377-472B-9ABA-BC803B73C61A}") = "Web1", "http://localhost:49671", "{A96B05E3-E2A9-48FE-BC62-393A3F9430F0}"
	ProjectSection(WebsiteProperties) = preProject
		UseIISExpress = "true"
		TargetFrameworkMoniker = ".NETFramework,Version%3Dv4.5"
		Debug.AspNetCompiler.VirtualPath = "/localhost_49671"
		Debug.AspNetCompiler.PhysicalPath = "D:\AAAAAAAVisual Studio\Web1\"
		Debug.AspNetCompiler.TargetPath = "PrecompiledWeb\localhost_49671\"
		Debug.AspNetCompiler.Updateable = "true"
		Debug.AspNetCompiler.ForceOverwrite = "true"
		Debug.AspNetCompiler.FixedNames = "false"
		Debug.AspNetCompiler.Debug = "True"
		Release.AspNetCompiler.VirtualPath = "/localhost_49671"
		Release.AspNetCompiler.PhysicalPath = "D:\AAAAAAAVisual Studio\Web1\"
		Release.AspNetCompiler.TargetPath = "PrecompiledWeb\localhost_49671\"
		Release.AspNetCompiler.Updateable = "true"
		Release.AspNetCompiler.ForceOverwrite = "true"
		Release.AspNetCompiler.FixedNames = "false"
		Release.AspNetCompiler.Debug = "False"
		SlnRelativePath = "D:\AAAAAAAVisual Studio\Web1\"
		DefaultWebSiteLanguage = "Visual C#"
	EndProjectSection
EndProject
Global
	GlobalSection(SolutionConfigurationPlatforms) = preSolution
		Debug|Any CPU = Debug|Any CPU
	EndGlobalSection
	GlobalSection(ProjectConfigurationPlatforms) = postSolution
		{A96B05E3-E2A9-48FE-BC62-393A3F9430F0}.Debug|Any CPU.ActiveCfg = Debug|Any CPU
		{A96B05E3-E2A9-48FE-BC62-393A3F9430F0}.Debug|Any CPU.Build.0 = Debug|Any CPU
	EndGlobalSection
	GlobalSection(SolutionProperties) = preSolution
		HideSolutionNode = FALSE
	EndGlobalSection
EndGlobal
